<?xml version="1.0" encoding="utf-8"?>
<Project ToolsVersion="4.0" xmlns="http://schemas.microsoft.com/developer/msbuild/2003">
  <ItemGroup>
    <Filter Include="Source Files">
      <UniqueIdentifier>{4FC737F1-C7A5-4376-A066-2A32D752A2FF}</UniqueIdentifier>
      <Extensions>cpp;c;cc;cxx;def;odl;idl;hpj;bat;asm;asmx</Extensions>
    </Filter>
    <Filter Include="Header Files">
      <UniqueIdentifier>{93995380-89BD-4b04-88EB-625FBE52EBFB}</UniqueIdentifier>
      <Extensions>h;hh;hpp;hxx;hm;inl;inc;ipp;xsd</Extensions>
    </Filter>
    <Filter Include="Resource Files">
      <UniqueIdentifier>{67DA6AB6-F800-4c08-8B7A-83BB121AAD01}</UniqueIdentifier>
      <Extensions>rc;ico;cur;bmp;dlg;rc2;rct;bin;rgs;gif;jpg;jpeg;jpe;resx;tiff;tif;png;wav;mfcribbon-ms</Extensions>
    </Filter>
  </ItemGroup>
  <ItemGroup>
    <ClCompile Include="Source\DllEntry.cpp">
      <Filter>Source Files</Filter>
    </ClCompile>
    <ClCompile Include="Source\Globals.cpp">
      <Filter>Source Files</Filter>
    </ClCompile>
    <ClCompile Include="Source\Message.cpp">
      <Filter>Source Files</Filter>
    </ClCompile>
    <ClCompile Include="Source\InjectLanding.cpp">
      <Filter>Source Files</Filter>
    </ClCompile>
    <ClCompile Include="Source\TemporaryBuffer.cpp">
      <Filter>Source Files</Filter>
    </ClCompile>
    <ClCompile Include="Source\Strings.cpp">
      <Filter>Source Files</Filter>
    </ClCompile>
    <ClCompile Include="Source\HookStore.cpp">
      <Filter>Source Files</Filter>
    </ClCompile>
    <ClCompile Include="Source\Trampoline.cpp">
      <Filter>Source Files</Filter>
    </ClCompile>
    <ClCompile Include="Source\TrampolineStore.cpp">
      <Filter>Source Files</Filter>
    </ClCompile>
    <ClCompile Include="Source\X86Instruction.cpp">
      <Filter>Source Files</Filter>
    </ClCompile>
    <ClCompile Include="Source\RemoteProcessInjector.cpp">
      <Filter>Source Files</Filter>
    </ClCompile>
    <ClCompile Include="Source\Configuration.cpp">
      <Filter>Source Files</Filter>
    </ClCompile>
    <ClCompile Include="Source\HookshotConfigReader.cpp">
      <Filter>Source Files</Filter>
    </ClCompile>
    <ClCompile Include="Source\LibraryInterface.cpp">
      <Filter>Source Files</Filter>
    </ClCompile>
  </ItemGroup>
  <ItemGroup>
    <ResourceCompile Include="Resources\Hookshot.rc">
      <Filter>Resource Files</Filter>
    </ResourceCompile>
    <ResourceCompile Include="Resources\HookshotDll.rc">
      <Filter>Resource Files</Filter>
    </ResourceCompile>
  </ItemGroup>
  <ItemGroup>
    <ClInclude Include="Include\Hookshot\ApiWindows.h">
      <Filter>Header Files</Filter>
    </ClInclude>
    <ClInclude Include="Include\Hookshot\Globals.h">
      <Filter>Header Files</Filter>
    </ClInclude>
    <ClInclude Include="Include\Hookshot\InjectResult.h">
      <Filter>Header Files</Filter>
    </ClInclude>
    <ClInclude Include="Include\Hookshot\Message.h">
      <Filter>Header Files</Filter>
    </ClInclude>
    <ClInclude Include="Include\Hookshot\Strings.h">
      <Filter>Header Files</Filter>
    </ClInclude>
    <ClInclude Include="Include\Hookshot\InjectLanding.h">
      <Filter>Header Files</Filter>
    </ClInclude>
    <ClInclude Include="Resources\HookshotDll.h">
      <Filter>Header Files</Filter>
    </ClInclude>
    <ClInclude Include="Resources\Hookshot.h">
      <Filter>Header Files</Filter>
    </ClInclude>
    <ClInclude Include="Include\Hookshot\TemporaryBuffer.h">
      <Filter>Header Files</Filter>
    </ClInclude>
    <ClInclude Include="Include\Hookshot.h">
      <Filter>Header Files</Filter>
    </ClInclude>
    <ClInclude Include="Include\Hookshot\HookStore.h">
      <Filter>Header Files</Filter>
    </ClInclude>
    <ClInclude Include="Include\Hookshot\Trampoline.h">
      <Filter>Header Files</Filter>
    </ClInclude>
    <ClInclude Include="Include\Hookshot\TrampolineStore.h">
      <Filter>Header Files</Filter>
    </ClInclude>
    <ClInclude Include="Include\Hookshot\X86Instruction.h">
      <Filter>Header Files</Filter>
    </ClInclude>
    <ClInclude Include="Include\Hookshot\RemoteProcessInjector.h">
      <Filter>Header Files</Filter>
    </ClInclude>
    <ClInclude Include="Include\Hookshot\Configuration.h">
      <Filter>Header Files</Filter>
    </ClInclude>
    <ClInclude Include="Include\Hookshot\UnicodeTypes.h">
      <Filter>Header Files</Filter>
    </ClInclude>
    <ClInclude Include="Include\Hookshot\HookshotConfigReader.h">
      <Filter>Header Files</Filter>
    </ClInclude>
    <ClInclude Include="Include\Hookshot\LibraryInterface.h">
      <Filter>Header Files</Filter>
    </ClInclude>
  </ItemGroup>
  <ItemGroup>
    <MASM Include="Source\InjectLanding.asm">
      <Filter>Source Files</Filter>
    </MASM>
  </ItemGroup>
  <ItemGroup>
    <None Include="Include\Hookshot\InjectLanding.inc">
      <Filter>Header Files</Filter>
    </None>
    <None Include="Include\Hookshot\Functions.inc">
      <Filter>Header Files</Filter>
    </None>
    <None Include="Include\Hookshot\Preamble.inc">
      <Filter>Header Files</Filter>
    </None>
    <None Include="Include\Hookshot\Registers.inc">
      <Filter>Header Files</Filter>
    </None>
  </ItemGroup>
</Project>