<?xml version="1.0" encoding="utf-8"?>
<Project ToolsVersion="4.0" xmlns="http://schemas.microsoft.com/developer/msbuild/2003">
  <ItemGroup>
    <Filter Include="Source Files">
      <UniqueIdentifier>{4FC737F1-C7A5-4376-A066-2A32D752A2FF}</UniqueIdentifier>
      <Extensions>cpp;c;cc;cxx;def;odl;idl;hpj;bat;asm;asmx</Extensions>
    </Filter>
    <Filter Include="Header Files">
      <UniqueIdentifier>{93995380-89BD-4b04-88EB-625FBE52EBFB}</UniqueIdentifier>
      <Extensions>h;hh;hpp;hxx;hm;inl;inc;ipp;xsd</Extensions>
    </Filter>
    <Filter Include="Resource Files">
      <UniqueIdentifier>{67DA6AB6-F800-4c08-8B7A-83BB121AAD01}</UniqueIdentifier>
      <Extensions>rc;ico;cur;bmp;dlg;rc2;rct;bin;rgs;gif;jpg;jpeg;jpe;resx;tiff;tif;png;wav;mfcribbon-ms</Extensions>
    </Filter>
  </ItemGroup>
  <ItemGroup>
    <ClCompile Include="Source\Test\Case\HookSetSuccess.cpp">
      <Filter>Source Files</Filter>
    </ClCompile>
    <ClCompile Include="Source\Test\Case\HookSetFail.cpp">
      <Filter>Source Files</Filter>
    </ClCompile>
    <ClCompile Include="Source\Test\CpuInfo.cpp">
      <Filter>Source Files</Filter>
    </ClCompile>
    <ClCompile Include="Source\Test\Case\Custom.cpp">
      <Filter>Source Files</Filter>
    </ClCompile>
    <ClCompile Include="Source\Test\TestMain.cpp">
      <Filter>Source Files</Filter>
    </ClCompile>
    <ClCompile Include="Source\Test\TestGlobals.cpp">
      <Filter>Source Files</Filter>
    </ClCompile>
  </ItemGroup>
  <ItemGroup>
    <ClInclude Include="Include\Hookshot\Test\TestPattern.h">
      <Filter>Header Files</Filter>
    </ClInclude>
    <ClInclude Include="Include\Hookshot\Test\CpuInfo.h">
      <Filter>Header Files</Filter>
    </ClInclude>
    <ClInclude Include="Include\Hookshot\Hookshot.h">
      <Filter>Header Files</Filter>
    </ClInclude>
    <ClInclude Include="Include\Hookshot\HookshotFunctions.h">
      <Filter>Header Files</Filter>
    </ClInclude>
    <ClInclude Include="Include\Hookshot\HookshotTypes.h">
      <Filter>Header Files</Filter>
    </ClInclude>
    <ClInclude Include="Include\Hookshot\Test\TestGlobals.h">
      <Filter>Header Files</Filter>
    </ClInclude>
  </ItemGroup>
  <ItemGroup>
    <None Include="Include\Hookshot\Test\TestDefinitions.inc">
      <Filter>Header Files</Filter>
    </None>
    <None Include="packages.config" />
  </ItemGroup>
  <ItemGroup>
    <MASM Include="Source\Test\Case\HookSetSuccess\BasicFunction.asm">
      <Filter>Source Files</Filter>
    </MASM>
    <MASM Include="Source\Test\Case\HookSetFail\OneByteFunction.asm">
      <Filter>Source Files</Filter>
    </MASM>
    <MASM Include="Source\Test\Case\HookSetSuccess\JumpForwardRel32.asm">
      <Filter>Source Files</Filter>
    </MASM>
    <MASM Include="Source\Test\Case\HookSetSuccess\JumpBackwardRel32.asm">
      <Filter>Source Files</Filter>
    </MASM>
    <MASM Include="Source\Test\Case\HookSetSuccess\JumpBackwardRel8.asm">
      <Filter>Source Files</Filter>
    </MASM>
    <MASM Include="Source\Test\Case\HookSetSuccess\JumpForwardRel8.asm">
      <Filter>Source Files</Filter>
    </MASM>
    <MASM Include="Source\Test\Case\HookSetSuccess\LoopWithinTransplant.asm">
      <Filter>Source Files</Filter>
    </MASM>
    <MASM Include="Source\Test\Case\HookSetSuccess\RelBrAtTransplantEdge.asm">
      <Filter>Source Files</Filter>
    </MASM>
    <MASM Include="Source\Test\Case\HookSetSuccess\RelBrBeforeTransplantEdge.asm">
      <Filter>Source Files</Filter>
    </MASM>
    <MASM Include="Source\Test\Case\HookSetSuccess\TransactionalMemoryFallback.asm">
      <Filter>Source Files</Filter>
    </MASM>
    <MASM Include="Source\Test\Case\HookSetSuccess\LoopJumpAssist.asm">
      <Filter>Source Files</Filter>
    </MASM>
    <MASM Include="Source\Test\Case\HookSetSuccess\PositionRelativeAddressGeneration.asm">
      <Filter>Source Files</Filter>
    </MASM>
    <MASM Include="Source\Test\Case\HookSetSuccess\PositionRelativeLoad.asm">
      <Filter>Source Files</Filter>
    </MASM>
    <MASM Include="Source\Test\Case\HookSetFail\JumpForwardTooFar.asm">
      <Filter>Source Files</Filter>
    </MASM>
    <MASM Include="Source\Test\Case\HookSetFail\InvalidInstruction.asm">
      <Filter>Source Files</Filter>
    </MASM>
    <MASM Include="Source\Test\Case\HookSetSuccess\CallSubroutine.asm">
      <Filter>Source Files</Filter>
    </MASM>
    <MASM Include="Source\Test\Case\HookSetSuccess\JumpAbsolutePositionRelative.asm">
      <Filter>Source Files</Filter>
    </MASM>
    <MASM Include="Source\Test\Case\HookSetSuccess\JumpAbsolutePositionRelativeRexW.asm">
      <Filter>Source Files</Filter>
    </MASM>
    <MASM Include="Source\Test\Case\HookSetSuccess\ShortFunctionWithPadding.asm">
      <Filter>Source Files</Filter>
    </MASM>
    <MASM Include="Source\Test\Case\HookSetFail\MixedPadding.asm">
      <Filter>Source Files</Filter>
    </MASM>
  </ItemGroup>
  <ItemGroup>
    <ResourceCompile Include="Resources\Hookshot.rc">
      <Filter>Resource Files</Filter>
    </ResourceCompile>
  </ItemGroup>
</Project>